
Microsoft Visual Studio Solution File, Format Version 12.00
# Visual Studio Version 16
VisualStudioVersion = 16.0.30011.22
MinimumVisualStudioVersion = 10.0.40219.1
Project("{FAE04EC0-301F-11D3-BF4B-00C04F79EFBC}") = "Cryoview_Main_View", "Cryoview_Main_View\Cryoview_Main_View.csproj", "{E965F4F7-E2B1-41F3-BD69-553274D4FAE4}"
EndProject
Project("{FAE04EC0-301F-11D3-BF4B-00C04F79EFBC}") = "Cryoview_IWindow", "ICryoviewWindow\Cryoview_IWindow.csproj", "{8A54EEA9-A1E9-4681-AFEE-91D7F346674F}"
EndProject
Project("{FAE04EC0-301F-11D3-BF4B-00C04F79EFBC}") = "XRay_View", "XRay_View\XRay_View.csproj", "{E1B29621-759B-49EA-8EF7-24DD65285041}"
EndProject
Project("{FAE04EC0-301F-11D3-BF4B-00C04F79EFBC}") = "XRay_View_Model", "XRay_View_Model\XRay_View_Model.csproj", "{31EAF308-638A-42B2-94DF-4DAB2E69007F}"
EndProject
Project("{FAE04EC0-301F-11D3-BF4B-00C04F79EFBC}") = "Cryoview_Library", "Cryoview_Library\Cryoview_Library.csproj", "{D3770977-4EE2-4DD6-B5C6-DFA8B92BAC12}"
EndProject
Project("{FAE04EC0-301F-11D3-BF4B-00C04F79EFBC}") = "Cryoview_Main_ViewModel", "Cryoview_Main_ViewModel\Cryoview_Main_ViewModel.csproj", "{FD377793-197C-46C5-AC68-D0525127092D}"
EndProject
Project("{FAE04EC0-301F-11D3-BF4B-00C04F79EFBC}") = "Cryoview_ModuleMessages", "Cryoview_ModuleMessages\Cryoview_ModuleMessages.csproj", "{4D13B126-1DD3-4F79-B9F6-804951088832}"
EndProject
Project("{FAE04EC0-301F-11D3-BF4B-00C04F79EFBC}") = "Optical_View", "Optical_View\Optical_View.csproj", "{FBC9821C-4F6B-49AA-8FF6-142E19EEF097}"
EndProject
Project("{FAE04EC0-301F-11D3-BF4B-00C04F79EFBC}") = "Optical_View_Model", "Optical_View_Model\Optical_View_Model.csproj", "{BB40AFF3-F27F-42E4-82AC-2A9FF4C416EF}"
EndProject
Project("{FAE04EC0-301F-11D3-BF4B-00C04F79EFBC}") = "Image_Basler_Model", "Image_Basler_Model\Image_Basler_Model.csproj", "{8221585C-918F-4C22-B579-60D088972DF5}"
EndProject
Project("{FAE04EC0-301F-11D3-BF4B-00C04F79EFBC}") = "Cryoview_Tools", "Cryoview_Tools\Cryoview_Tools.csproj", "{A77C8F07-1BDB-41AA-9365-B8CC7B0BCAD6}"
EndProject
Project("{FAE04EC0-301F-11D3-BF4B-00C04F79EFBC}") = "DB_Model", "DB_Model\DB_Model.csproj", "{7F77E1DD-054A-43DF-A6B2-02A1794F7EA4}"
EndProject
Project("{FAE04EC0-301F-11D3-BF4B-00C04F79EFBC}") = "libUtil", "libUtil\libUtil.csproj", "{F0D1F875-7827-47EB-AD49-A519EB89979F}"
EndProject
Project("{FAE04EC0-301F-11D3-BF4B-00C04F79EFBC}") = "Cryoview_FileLog", "Cryoview_FileLog\Cryoview_FileLog.csproj", "{467C59EE-2492-45C6-8328-58D2E4E4D34F}"
EndProject
Project("{FAE04EC0-301F-11D3-BF4B-00C04F79EFBC}") = "lib_ZoomPanControl", "libZoomPanControl\lib_ZoomPanControl.csproj", "{468ADEDE-6F5E-40C0-99C9-C6DAC4FAC934}"
EndProject
Project("{FAE04EC0-301F-11D3-BF4B-00C04F79EFBC}") = "Illuminator_Control_View", "Illuminator_Control_View\Illuminator_Control_View.csproj", "{C17DC444-7756-47B8-94A2-AEB546C23BFE}"
EndProject
Project("{FAE04EC0-301F-11D3-BF4B-00C04F79EFBC}") = "Illuminator_Control_ViewModel", "Illuminator_Control_ViewModel\Illuminator_Control_ViewModel.csproj", "{012627BA-CAC1-4DA8-A461-2A198DD9544A}"
EndProject
Project("{FAE04EC0-301F-11D3-BF4B-00C04F79EFBC}") = "Illuminator_Gardasoft_Model", "Illuminator_Gardasoft_Model\Illuminator_Gardasoft_Model.csproj", "{CF68D68F-56C2-43A9-A0BE-10D5CF65302F}"
EndProject
Project("{FAE04EC0-301F-11D3-BF4B-00C04F79EFBC}") = "Illuminator_Interface", "Illuminator_Interface\Illuminator_Interface.csproj", "{7B643402-F3CA-44DC-9E3F-FB12023EC7EE}"
EndProject
Project("{FAE04EC0-301F-11D3-BF4B-00C04F79EFBC}") = "Illuminator_Virtual_Model", "Illuminator_Virtual_Model\Illuminator_Virtual_Model.csproj", "{44768F3C-AB51-4529-9105-6362C5E3AF19}"
EndProject
Project("{FAE04EC0-301F-11D3-BF4B-00C04F79EFBC}") = "Objective_View", "Objective_View\Objective_View.csproj", "{AD147055-CC6E-47AE-89EA-90FFBD355A61}"
EndProject
Project("{FAE04EC0-301F-11D3-BF4B-00C04F79EFBC}") = "Objective_ViewModel", "Objective_ViewModel\Objective_ViewModel.csproj", "{B1D61A5E-9FF9-49FB-8891-A97AF2E41874}"
EndProject
Project("{FAE04EC0-301F-11D3-BF4B-00C04F79EFBC}") = "Objective_Interface", "Objective_Interface\Objective_Interface.csproj", "{C94BA0B4-EC4C-4916-AFA3-313E6ABD56FA}"
EndProject
Project("{FAE04EC0-301F-11D3-BF4B-00C04F79EFBC}") = "Objective_Navitar_Model", "Objective_Navitar_Model\Objective_Navitar_Model.csproj", "{08354600-D649-4BA1-9517-F94192CD020F}"
EndProject
Project("{FAE04EC0-301F-11D3-BF4B-00C04F79EFBC}") = "Objective_Virtual_Model", "Objective_Virtual_Model\Objective_Virtual_Model.csproj", "{B4B7A5BE-377D-43FE-917A-294BFA6A6E1F}"
EndProject
Project("{FAE04EC0-301F-11D3-BF4B-00C04F79EFBC}") = "nav_sdk", "nav_sdk\nav_sdk.csproj", "{F545A4F9-C964-4011-A1E6-8EF7DD00BEEA}"
EndProject
Project("{FAE04EC0-301F-11D3-BF4B-00C04F79EFBC}") = "HDF_View", "HDF_View\HDF_View.csproj", "{CAB9BE09-D890-4A42-AFF0-BE9B61F322FC}"
EndProject
Project("{FAE04EC0-301F-11D3-BF4B-00C04F79EFBC}") = "HDF_ViewModel", "HDF_ViewModel\HDF_ViewModel.csproj", "{DD2D7528-EAF3-4418-BDC5-69835D069AF7}"
EndProject
Project("{8BC9CEB8-8B4A-11D0-8D11-00A0C91BC942}") = "libHDF4", "libHDF4\libHDF4.vcxproj", "{6EB9950A-B9E2-4FF5-AB69-DA21D5E0C73E}"
EndProject
Project("{FAE04EC0-301F-11D3-BF4B-00C04F79EFBC}") = "HDF_File_Model", "HDF_File_Model\HDF_File_Model.csproj", "{3DFE802D-0B30-47CF-B700-05A8CAA86D6B}"
EndProject
Project("{FAE04EC0-301F-11D3-BF4B-00C04F79EFBC}") = "Target_Filling_View", "Target_Filling_View\Target_Filling_View.csproj", "{3C7E75DA-39C2-4A53-89D2-DB886AD15A42}"
EndProject
Project("{FAE04EC0-301F-11D3-BF4B-00C04F79EFBC}") = "Target_Layering_View", "Target_Layering_View\Target_Layering_View.csproj", "{68087CC6-CA77-4BD4-AB4F-06293D9A021D}"
EndProject
Project("{FAE04EC0-301F-11D3-BF4B-00C04F79EFBC}") = "MCM_Interface", "MCM_Interface\MCM_Interface.csproj", "{98C4E71F-1C97-4039-B374-F06F9A2EF37F}"
EndProject
Project("{FAE04EC0-301F-11D3-BF4B-00C04F79EFBC}") = "MCM_Virtual_Model", "MCM_Virtual_Model\MCM_Virtual_Model.csproj", "{47D2210F-23DA-41A5-9A9C-78E81F4D45D9}"
EndProject
Project("{FAE04EC0-301F-11D3-BF4B-00C04F79EFBC}") = "MCM_Physical_Model", "MCM_Physical_Model\MCM_Physical_Model.csproj", "{6DB374BC-A499-4288-94DC-D774729481BF}"
EndProject
Project("{FAE04EC0-301F-11D3-BF4B-00C04F79EFBC}") = "Target_Filling_ViewModel", "Target_Filling_ViewModel\Target_Filling_ViewModel.csproj", "{A70151B3-EFDF-4CBF-AB1E-BFFA2BED2874}"
EndProject
Project("{FAE04EC0-301F-11D3-BF4B-00C04F79EFBC}") = "Target_Layering_ViewModel", "Target_Layering_ViewModel\Target_Layering_ViewModel.csproj", "{8A95478E-C367-4CD3-8694-738400DE2CF4}"
EndProject
Project("{FAE04EC0-301F-11D3-BF4B-00C04F79EFBC}") = "XRay_Interface", "XRay_Interface\XRay_Interface.csproj", "{08C04CD2-C6BD-417E-A262-E757A43E3BD6}"
EndProject
Project("{FAE04EC0-301F-11D3-BF4B-00C04F79EFBC}") = "XRay_Virtual_Model", "XRay_Virtual_Model\XRay_Virtual_Model.csproj", "{E6C45C19-64A3-4541-B354-7D597D6804F0}"
EndProject
Project("{FAE04EC0-301F-11D3-BF4B-00C04F79EFBC}") = "XRay_Physical_Model", "XRay_Physical_Model\XRay_Physical_Model.csproj", "{4B6A406A-6269-4291-B537-3BDA5F3A8560}"
EndProject
Project("{FAE04EC0-301F-11D3-BF4B-00C04F79EFBC}") = "Target_Filling", "Target_Filling\Target_Filling.csproj", "{C9A70257-C0EA-4B7C-82C2-66CBD9F5F72B}"
EndProject
Project("{2150E333-8FDC-42A3-9474-1A3956D46DE8}") = "Solution Items", "Solution Items", "{B7138AA8-EE37-4CAC-A29D-779CE6219E0B}"
EndProject
Project("{FAE04EC0-301F-11D3-BF4B-00C04F79EFBC}") = "Focus_View", "Focus_View\Focus_View.csproj", "{7F19AA18-9C66-4A86-BFFB-43D27EEB4C1A}"
EndProject
Project("{FAE04EC0-301F-11D3-BF4B-00C04F79EFBC}") = "Focus_ViewModel", "Focus_ViewModel\Focus_ViewModel.csproj", "{C497072E-9F06-43D7-8DC6-CD6EB43EEDF1}"
EndProject
Global
	GlobalSection(SolutionConfigurationPlatforms) = preSolution
		Debug|Any CPU = Debug|Any CPU
		Debug|x64 = Debug|x64
		Debug|x86 = Debug|x86
		Release|Any CPU = Release|Any CPU
		Release|x64 = Release|x64
		Release|x86 = Release|x86
	EndGlobalSection
	GlobalSection(ProjectConfigurationPlatforms) = postSolution
		{E965F4F7-E2B1-41F3-BD69-553274D4FAE4}.Debug|Any CPU.ActiveCfg = Debug|Any CPU
		{E965F4F7-E2B1-41F3-BD69-553274D4FAE4}.Debug|Any CPU.Build.0 = Debug|Any CPU
		{E965F4F7-E2B1-41F3-BD69-553274D4FAE4}.Debug|x64.ActiveCfg = Debug|Any CPU
		{E965F4F7-E2B1-41F3-BD69-553274D4FAE4}.Debug|x64.Build.0 = Debug|Any CPU
		{E965F4F7-E2B1-41F3-BD69-553274D4FAE4}.Debug|x86.ActiveCfg = Debug|Any CPU
		{E965F4F7-E2B1-41F3-BD69-553274D4FAE4}.Debug|x86.Build.0 = Debug|Any CPU
		{E965F4F7-E2B1-41F3-BD69-553274D4FAE4}.Release|Any CPU.ActiveCfg = Release|Any CPU
		{E965F4F7-E2B1-41F3-BD69-553274D4FAE4}.Release|Any CPU.Build.0 = Release|Any CPU
		{E965F4F7-E2B1-41F3-BD69-553274D4FAE4}.Release|x64.ActiveCfg = Release|Any CPU
		{E965F4F7-E2B1-41F3-BD69-553274D4FAE4}.Release|x64.Build.0 = Release|Any CPU
		{E965F4F7-E2B1-41F3-BD69-553274D4FAE4}.Release|x86.ActiveCfg = Release|Any CPU
		{E965F4F7-E2B1-41F3-BD69-553274D4FAE4}.Release|x86.Build.0 = Release|Any CPU
		{8A54EEA9-A1E9-4681-AFEE-91D7F346674F}.Debug|Any CPU.ActiveCfg = Debug|Any CPU
		{8A54EEA9-A1E9-4681-AFEE-91D7F346674F}.Debug|Any CPU.Build.0 = Debug|Any CPU
		{8A54EEA9-A1E9-4681-AFEE-91D7F346674F}.Debug|x64.ActiveCfg = Debug|Any CPU
		{8A54EEA9-A1E9-4681-AFEE-91D7F346674F}.Debug|x64.Build.0 = Debug|Any CPU
		{8A54EEA9-A1E9-4681-AFEE-91D7F346674F}.Debug|x86.ActiveCfg = Debug|Any CPU
		{8A54EEA9-A1E9-4681-AFEE-91D7F346674F}.Debug|x86.Build.0 = Debug|Any CPU
		{8A54EEA9-A1E9-4681-AFEE-91D7F346674F}.Release|Any CPU.ActiveCfg = Release|Any CPU
		{8A54EEA9-A1E9-4681-AFEE-91D7F346674F}.Release|Any CPU.Build.0 = Release|Any CPU
		{8A54EEA9-A1E9-4681-AFEE-91D7F346674F}.Release|x64.ActiveCfg = Release|Any CPU
		{8A54EEA9-A1E9-4681-AFEE-91D7F346674F}.Release|x64.Build.0 = Release|Any CPU
		{8A54EEA9-A1E9-4681-AFEE-91D7F346674F}.Release|x86.ActiveCfg = Release|Any CPU
		{8A54EEA9-A1E9-4681-AFEE-91D7F346674F}.Release|x86.Build.0 = Release|Any CPU
		{E1B29621-759B-49EA-8EF7-24DD65285041}.Debug|Any CPU.ActiveCfg = Debug|Any CPU
		{E1B29621-759B-49EA-8EF7-24DD65285041}.Debug|Any CPU.Build.0 = Debug|Any CPU
		{E1B29621-759B-49EA-8EF7-24DD65285041}.Debug|x64.ActiveCfg = Debug|Any CPU
		{E1B29621-759B-49EA-8EF7-24DD65285041}.Debug|x64.Build.0 = Debug|Any CPU
		{E1B29621-759B-49EA-8EF7-24DD65285041}.Debug|x86.ActiveCfg = Debug|Any CPU
		{E1B29621-759B-49EA-8EF7-24DD65285041}.Debug|x86.Build.0 = Debug|Any CPU
		{E1B29621-759B-49EA-8EF7-24DD65285041}.Release|Any CPU.ActiveCfg = Release|Any CPU
		{E1B29621-759B-49EA-8EF7-24DD65285041}.Release|Any CPU.Build.0 = Release|Any CPU
		{E1B29621-759B-49EA-8EF7-24DD65285041}.Release|x64.ActiveCfg = Release|Any CPU
		{E1B29621-759B-49EA-8EF7-24DD65285041}.Release|x64.Build.0 = Release|Any CPU
		{E1B29621-759B-49EA-8EF7-24DD65285041}.Release|x86.ActiveCfg = Release|Any CPU
		{E1B29621-759B-49EA-8EF7-24DD65285041}.Release|x86.Build.0 = Release|Any CPU
		{31EAF308-638A-42B2-94DF-4DAB2E69007F}.Debug|Any CPU.ActiveCfg = Debug|Any CPU
		{31EAF308-638A-42B2-94DF-4DAB2E69007F}.Debug|Any CPU.Build.0 = Debug|Any CPU
		{31EAF308-638A-42B2-94DF-4DAB2E69007F}.Debug|x64.ActiveCfg = Debug|Any CPU
		{31EAF308-638A-42B2-94DF-4DAB2E69007F}.Debug|x64.Build.0 = Debug|Any CPU
		{31EAF308-638A-42B2-94DF-4DAB2E69007F}.Debug|x86.ActiveCfg = Debug|Any CPU
		{31EAF308-638A-42B2-94DF-4DAB2E69007F}.Debug|x86.Build.0 = Debug|Any CPU
		{31EAF308-638A-42B2-94DF-4DAB2E69007F}.Release|Any CPU.ActiveCfg = Release|Any CPU
		{31EAF308-638A-42B2-94DF-4DAB2E69007F}.Release|Any CPU.Build.0 = Release|Any CPU
		{31EAF308-638A-42B2-94DF-4DAB2E69007F}.Release|x64.ActiveCfg = Release|Any CPU
		{31EAF308-638A-42B2-94DF-4DAB2E69007F}.Release|x64.Build.0 = Release|Any CPU
		{31EAF308-638A-42B2-94DF-4DAB2E69007F}.Release|x86.ActiveCfg = Release|Any CPU
		{31EAF308-638A-42B2-94DF-4DAB2E69007F}.Release|x86.Build.0 = Release|Any CPU
		{D3770977-4EE2-4DD6-B5C6-DFA8B92BAC12}.Debug|Any CPU.ActiveCfg = Debug|Any CPU
		{D3770977-4EE2-4DD6-B5C6-DFA8B92BAC12}.Debug|Any CPU.Build.0 = Debug|Any CPU
		{D3770977-4EE2-4DD6-B5C6-DFA8B92BAC12}.Debug|x64.ActiveCfg = Debug|Any CPU
		{D3770977-4EE2-4DD6-B5C6-DFA8B92BAC12}.Debug|x64.Build.0 = Debug|Any CPU
		{D3770977-4EE2-4DD6-B5C6-DFA8B92BAC12}.Debug|x86.ActiveCfg = Debug|Any CPU
		{D3770977-4EE2-4DD6-B5C6-DFA8B92BAC12}.Debug|x86.Build.0 = Debug|Any CPU
		{D3770977-4EE2-4DD6-B5C6-DFA8B92BAC12}.Release|Any CPU.ActiveCfg = Release|Any CPU
		{D3770977-4EE2-4DD6-B5C6-DFA8B92BAC12}.Release|Any CPU.Build.0 = Release|Any CPU
		{D3770977-4EE2-4DD6-B5C6-DFA8B92BAC12}.Release|x64.ActiveCfg = Release|Any CPU
		{D3770977-4EE2-4DD6-B5C6-DFA8B92BAC12}.Release|x64.Build.0 = Release|Any CPU
		{D3770977-4EE2-4DD6-B5C6-DFA8B92BAC12}.Release|x86.ActiveCfg = Release|Any CPU
		{D3770977-4EE2-4DD6-B5C6-DFA8B92BAC12}.Release|x86.Build.0 = Release|Any CPU
		{FD377793-197C-46C5-AC68-D0525127092D}.Debug|Any CPU.ActiveCfg = Debug|Any CPU
		{FD377793-197C-46C5-AC68-D0525127092D}.Debug|Any CPU.Build.0 = Debug|Any CPU
		{FD377793-197C-46C5-AC68-D0525127092D}.Debug|x64.ActiveCfg = Debug|Any CPU
		{FD377793-197C-46C5-AC68-D0525127092D}.Debug|x64.Build.0 = Debug|Any CPU
		{FD377793-197C-46C5-AC68-D0525127092D}.Debug|x86.ActiveCfg = Debug|Any CPU
		{FD377793-197C-46C5-AC68-D0525127092D}.Debug|x86.Build.0 = Debug|Any CPU
		{FD377793-197C-46C5-AC68-D0525127092D}.Release|Any CPU.ActiveCfg = Release|Any CPU
		{FD377793-197C-46C5-AC68-D0525127092D}.Release|Any CPU.Build.0 = Release|Any CPU
		{FD377793-197C-46C5-AC68-D0525127092D}.Release|x64.ActiveCfg = Release|Any CPU
		{FD377793-197C-46C5-AC68-D0525127092D}.Release|x64.Build.0 = Release|Any CPU
		{FD377793-197C-46C5-AC68-D0525127092D}.Release|x86.ActiveCfg = Release|Any CPU
		{FD377793-197C-46C5-AC68-D0525127092D}.Release|x86.Build.0 = Release|Any CPU
		{4D13B126-1DD3-4F79-B9F6-804951088832}.Debug|Any CPU.ActiveCfg = Debug|Any CPU
		{4D13B126-1DD3-4F79-B9F6-804951088832}.Debug|Any CPU.Build.0 = Debug|Any CPU
		{4D13B126-1DD3-4F79-B9F6-804951088832}.Debug|x64.ActiveCfg = Debug|Any CPU
		{4D13B126-1DD3-4F79-B9F6-804951088832}.Debug|x64.Build.0 = Debug|Any CPU
		{4D13B126-1DD3-4F79-B9F6-804951088832}.Debug|x86.ActiveCfg = Debug|Any CPU
		{4D13B126-1DD3-4F79-B9F6-804951088832}.Debug|x86.Build.0 = Debug|Any CPU
		{4D13B126-1DD3-4F79-B9F6-804951088832}.Release|Any CPU.ActiveCfg = Release|Any CPU
		{4D13B126-1DD3-4F79-B9F6-804951088832}.Release|Any CPU.Build.0 = Release|Any CPU
		{4D13B126-1DD3-4F79-B9F6-804951088832}.Release|x64.ActiveCfg = Release|Any CPU
		{4D13B126-1DD3-4F79-B9F6-804951088832}.Release|x64.Build.0 = Release|Any CPU
		{4D13B126-1DD3-4F79-B9F6-804951088832}.Release|x86.ActiveCfg = Release|Any CPU
		{4D13B126-1DD3-4F79-B9F6-804951088832}.Release|x86.Build.0 = Release|Any CPU
		{FBC9821C-4F6B-49AA-8FF6-142E19EEF097}.Debug|Any CPU.ActiveCfg = Debug|Any CPU
		{FBC9821C-4F6B-49AA-8FF6-142E19EEF097}.Debug|Any CPU.Build.0 = Debug|Any CPU
		{FBC9821C-4F6B-49AA-8FF6-142E19EEF097}.Debug|x64.ActiveCfg = Debug|Any CPU
		{FBC9821C-4F6B-49AA-8FF6-142E19EEF097}.Debug|x64.Build.0 = Debug|Any CPU
		{FBC9821C-4F6B-49AA-8FF6-142E19EEF097}.Debug|x86.ActiveCfg = Debug|Any CPU
		{FBC9821C-4F6B-49AA-8FF6-142E19EEF097}.Debug|x86.Build.0 = Debug|Any CPU
		{FBC9821C-4F6B-49AA-8FF6-142E19EEF097}.Release|Any CPU.ActiveCfg = Release|Any CPU
		{FBC9821C-4F6B-49AA-8FF6-142E19EEF097}.Release|Any CPU.Build.0 = Release|Any CPU
		{FBC9821C-4F6B-49AA-8FF6-142E19EEF097}.Release|x64.ActiveCfg = Release|Any CPU
		{FBC9821C-4F6B-49AA-8FF6-142E19EEF097}.Release|x64.Build.0 = Release|Any CPU
		{FBC9821C-4F6B-49AA-8FF6-142E19EEF097}.Release|x86.ActiveCfg = Release|Any CPU
		{FBC9821C-4F6B-49AA-8FF6-142E19EEF097}.Release|x86.Build.0 = Release|Any CPU
		{BB40AFF3-F27F-42E4-82AC-2A9FF4C416EF}.Debug|Any CPU.ActiveCfg = Debug|Any CPU
		{BB40AFF3-F27F-42E4-82AC-2A9FF4C416EF}.Debug|Any CPU.Build.0 = Debug|Any CPU
		{BB40AFF3-F27F-42E4-82AC-2A9FF4C416EF}.Debug|x64.ActiveCfg = Debug|Any CPU
		{BB40AFF3-F27F-42E4-82AC-2A9FF4C416EF}.Debug|x64.Build.0 = Debug|Any CPU
		{BB40AFF3-F27F-42E4-82AC-2A9FF4C416EF}.Debug|x86.ActiveCfg = Debug|Any CPU
		{BB40AFF3-F27F-42E4-82AC-2A9FF4C416EF}.Debug|x86.Build.0 = Debug|Any CPU
		{BB40AFF3-F27F-42E4-82AC-2A9FF4C416EF}.Release|Any CPU.ActiveCfg = Release|Any CPU
		{BB40AFF3-F27F-42E4-82AC-2A9FF4C416EF}.Release|Any CPU.Build.0 = Release|Any CPU
		{BB40AFF3-F27F-42E4-82AC-2A9FF4C416EF}.Release|x64.ActiveCfg = Release|Any CPU
		{BB40AFF3-F27F-42E4-82AC-2A9FF4C416EF}.Release|x64.Build.0 = Release|Any CPU
		{BB40AFF3-F27F-42E4-82AC-2A9FF4C416EF}.Release|x86.ActiveCfg = Release|Any CPU
		{BB40AFF3-F27F-42E4-82AC-2A9FF4C416EF}.Release|x86.Build.0 = Release|Any CPU
		{8221585C-918F-4C22-B579-60D088972DF5}.Debug|Any CPU.ActiveCfg = Debug|Any CPU
		{8221585C-918F-4C22-B579-60D088972DF5}.Debug|Any CPU.Build.0 = Debug|Any CPU
		{8221585C-918F-4C22-B579-60D088972DF5}.Debug|x64.ActiveCfg = Debug|Any CPU
		{8221585C-918F-4C22-B579-60D088972DF5}.Debug|x64.Build.0 = Debug|Any CPU
		{8221585C-918F-4C22-B579-60D088972DF5}.Debug|x86.ActiveCfg = Debug|Any CPU
		{8221585C-918F-4C22-B579-60D088972DF5}.Debug|x86.Build.0 = Debug|Any CPU
		{8221585C-918F-4C22-B579-60D088972DF5}.Release|Any CPU.ActiveCfg = Release|Any CPU
		{8221585C-918F-4C22-B579-60D088972DF5}.Release|Any CPU.Build.0 = Release|Any CPU
		{8221585C-918F-4C22-B579-60D088972DF5}.Release|x64.ActiveCfg = Release|Any CPU
		{8221585C-918F-4C22-B579-60D088972DF5}.Release|x64.Build.0 = Release|Any CPU
		{8221585C-918F-4C22-B579-60D088972DF5}.Release|x86.ActiveCfg = Release|Any CPU
		{8221585C-918F-4C22-B579-60D088972DF5}.Release|x86.Build.0 = Release|Any CPU
		{A77C8F07-1BDB-41AA-9365-B8CC7B0BCAD6}.Debug|Any CPU.ActiveCfg = Debug|Any CPU
		{A77C8F07-1BDB-41AA-9365-B8CC7B0BCAD6}.Debug|Any CPU.Build.0 = Debug|Any CPU
		{A77C8F07-1BDB-41AA-9365-B8CC7B0BCAD6}.Debug|x64.ActiveCfg = Debug|Any CPU
		{A77C8F07-1BDB-41AA-9365-B8CC7B0BCAD6}.Debug|x64.Build.0 = Debug|Any CPU
		{A77C8F07-1BDB-41AA-9365-B8CC7B0BCAD6}.Debug|x86.ActiveCfg = Debug|Any CPU
		{A77C8F07-1BDB-41AA-9365-B8CC7B0BCAD6}.Debug|x86.Build.0 = Debug|Any CPU
		{A77C8F07-1BDB-41AA-9365-B8CC7B0BCAD6}.Release|Any CPU.ActiveCfg = Release|Any CPU
		{A77C8F07-1BDB-41AA-9365-B8CC7B0BCAD6}.Release|Any CPU.Build.0 = Release|Any CPU
		{A77C8F07-1BDB-41AA-9365-B8CC7B0BCAD6}.Release|x64.ActiveCfg = Release|Any CPU
		{A77C8F07-1BDB-41AA-9365-B8CC7B0BCAD6}.Release|x64.Build.0 = Release|Any CPU
		{A77C8F07-1BDB-41AA-9365-B8CC7B0BCAD6}.Release|x86.ActiveCfg = Release|Any CPU
		{A77C8F07-1BDB-41AA-9365-B8CC7B0BCAD6}.Release|x86.Build.0 = Release|Any CPU
		{7F77E1DD-054A-43DF-A6B2-02A1794F7EA4}.Debug|Any CPU.ActiveCfg = Debug|Any CPU
		{7F77E1DD-054A-43DF-A6B2-02A1794F7EA4}.Debug|Any CPU.Build.0 = Debug|Any CPU
		{7F77E1DD-054A-43DF-A6B2-02A1794F7EA4}.Debug|x64.ActiveCfg = Debug|Any CPU
		{7F77E1DD-054A-43DF-A6B2-02A1794F7EA4}.Debug|x64.Build.0 = Debug|Any CPU
		{7F77E1DD-054A-43DF-A6B2-02A1794F7EA4}.Debug|x86.ActiveCfg = Debug|Any CPU
		{7F77E1DD-054A-43DF-A6B2-02A1794F7EA4}.Debug|x86.Build.0 = Debug|Any CPU
		{7F77E1DD-054A-43DF-A6B2-02A1794F7EA4}.Release|Any CPU.ActiveCfg = Release|Any CPU
		{7F77E1DD-054A-43DF-A6B2-02A1794F7EA4}.Release|Any CPU.Build.0 = Release|Any CPU
		{7F77E1DD-054A-43DF-A6B2-02A1794F7EA4}.Release|x64.ActiveCfg = Release|Any CPU
		{7F77E1DD-054A-43DF-A6B2-02A1794F7EA4}.Release|x64.Build.0 = Release|Any CPU
		{7F77E1DD-054A-43DF-A6B2-02A1794F7EA4}.Release|x86.ActiveCfg = Release|Any CPU
		{7F77E1DD-054A-43DF-A6B2-02A1794F7EA4}.Release|x86.Build.0 = Release|Any CPU
		{F0D1F875-7827-47EB-AD49-A519EB89979F}.Debug|Any CPU.ActiveCfg = Debug|Any CPU
		{F0D1F875-7827-47EB-AD49-A519EB89979F}.Debug|Any CPU.Build.0 = Debug|Any CPU
		{F0D1F875-7827-47EB-AD49-A519EB89979F}.Debug|x64.ActiveCfg = Debug|Any CPU
		{F0D1F875-7827-47EB-AD49-A519EB89979F}.Debug|x64.Build.0 = Debug|Any CPU
		{F0D1F875-7827-47EB-AD49-A519EB89979F}.Debug|x86.ActiveCfg = Debug|x86
		{F0D1F875-7827-47EB-AD49-A519EB89979F}.Debug|x86.Build.0 = Debug|x86
		{F0D1F875-7827-47EB-AD49-A519EB89979F}.Release|Any CPU.ActiveCfg = Release|Any CPU
		{F0D1F875-7827-47EB-AD49-A519EB89979F}.Release|Any CPU.Build.0 = Release|Any CPU
		{F0D1F875-7827-47EB-AD49-A519EB89979F}.Release|x64.ActiveCfg = Release|Any CPU
		{F0D1F875-7827-47EB-AD49-A519EB89979F}.Release|x64.Build.0 = Release|Any CPU
		{F0D1F875-7827-47EB-AD49-A519EB89979F}.Release|x86.ActiveCfg = Release|x86
		{F0D1F875-7827-47EB-AD49-A519EB89979F}.Release|x86.Build.0 = Release|x86
		{467C59EE-2492-45C6-8328-58D2E4E4D34F}.Debug|Any CPU.ActiveCfg = Debug|Any CPU
		{467C59EE-2492-45C6-8328-58D2E4E4D34F}.Debug|Any CPU.Build.0 = Debug|Any CPU
		{467C59EE-2492-45C6-8328-58D2E4E4D34F}.Debug|x64.ActiveCfg = Debug|Any CPU
		{467C59EE-2492-45C6-8328-58D2E4E4D34F}.Debug|x64.Build.0 = Debug|Any CPU
		{467C59EE-2492-45C6-8328-58D2E4E4D34F}.Debug|x86.ActiveCfg = Debug|Any CPU
		{467C59EE-2492-45C6-8328-58D2E4E4D34F}.Debug|x86.Build.0 = Debug|Any CPU
		{467C59EE-2492-45C6-8328-58D2E4E4D34F}.Release|Any CPU.ActiveCfg = Release|Any CPU
		{467C59EE-2492-45C6-8328-58D2E4E4D34F}.Release|Any CPU.Build.0 = Release|Any CPU
		{467C59EE-2492-45C6-8328-58D2E4E4D34F}.Release|x64.ActiveCfg = Release|Any CPU
		{467C59EE-2492-45C6-8328-58D2E4E4D34F}.Release|x64.Build.0 = Release|Any CPU
		{467C59EE-2492-45C6-8328-58D2E4E4D34F}.Release|x86.ActiveCfg = Release|Any CPU
		{467C59EE-2492-45C6-8328-58D2E4E4D34F}.Release|x86.Build.0 = Release|Any CPU
		{468ADEDE-6F5E-40C0-99C9-C6DAC4FAC934}.Debug|Any CPU.ActiveCfg = Debug|Any CPU
		{468ADEDE-6F5E-40C0-99C9-C6DAC4FAC934}.Debug|Any CPU.Build.0 = Debug|Any CPU
		{468ADEDE-6F5E-40C0-99C9-C6DAC4FAC934}.Debug|x64.ActiveCfg = Debug|Any CPU
		{468ADEDE-6F5E-40C0-99C9-C6DAC4FAC934}.Debug|x64.Build.0 = Debug|Any CPU
		{468ADEDE-6F5E-40C0-99C9-C6DAC4FAC934}.Debug|x86.ActiveCfg = Debug|Any CPU
		{468ADEDE-6F5E-40C0-99C9-C6DAC4FAC934}.Debug|x86.Build.0 = Debug|Any CPU
		{468ADEDE-6F5E-40C0-99C9-C6DAC4FAC934}.Release|Any CPU.ActiveCfg = Release|Any CPU
		{468ADEDE-6F5E-40C0-99C9-C6DAC4FAC934}.Release|Any CPU.Build.0 = Release|Any CPU
		{468ADEDE-6F5E-40C0-99C9-C6DAC4FAC934}.Release|x64.ActiveCfg = Release|Any CPU
		{468ADEDE-6F5E-40C0-99C9-C6DAC4FAC934}.Release|x64.Build.0 = Release|Any CPU
		{468ADEDE-6F5E-40C0-99C9-C6DAC4FAC934}.Release|x86.ActiveCfg = Release|Any CPU
		{468ADEDE-6F5E-40C0-99C9-C6DAC4FAC934}.Release|x86.Build.0 = Release|Any CPU
		{C17DC444-7756-47B8-94A2-AEB546C23BFE}.Debug|Any CPU.ActiveCfg = Debug|Any CPU
		{C17DC444-7756-47B8-94A2-AEB546C23BFE}.Debug|Any CPU.Build.0 = Debug|Any CPU
		{C17DC444-7756-47B8-94A2-AEB546C23BFE}.Debug|x64.ActiveCfg = Debug|Any CPU
		{C17DC444-7756-47B8-94A2-AEB546C23BFE}.Debug|x64.Build.0 = Debug|Any CPU
		{C17DC444-7756-47B8-94A2-AEB546C23BFE}.Debug|x86.ActiveCfg = Debug|Any CPU
		{C17DC444-7756-47B8-94A2-AEB546C23BFE}.Debug|x86.Build.0 = Debug|Any CPU
		{C17DC444-7756-47B8-94A2-AEB546C23BFE}.Release|Any CPU.ActiveCfg = Release|Any CPU
		{C17DC444-7756-47B8-94A2-AEB546C23BFE}.Release|Any CPU.Build.0 = Release|Any CPU
		{C17DC444-7756-47B8-94A2-AEB546C23BFE}.Release|x64.ActiveCfg = Release|Any CPU
		{C17DC444-7756-47B8-94A2-AEB546C23BFE}.Release|x64.Build.0 = Release|Any CPU
		{C17DC444-7756-47B8-94A2-AEB546C23BFE}.Release|x86.ActiveCfg = Release|Any CPU
		{C17DC444-7756-47B8-94A2-AEB546C23BFE}.Release|x86.Build.0 = Release|Any CPU
		{012627BA-CAC1-4DA8-A461-2A198DD9544A}.Debug|Any CPU.ActiveCfg = Debug|Any CPU
		{012627BA-CAC1-4DA8-A461-2A198DD9544A}.Debug|Any CPU.Build.0 = Debug|Any CPU
		{012627BA-CAC1-4DA8-A461-2A198DD9544A}.Debug|x64.ActiveCfg = Debug|Any CPU
		{012627BA-CAC1-4DA8-A461-2A198DD9544A}.Debug|x64.Build.0 = Debug|Any CPU
		{012627BA-CAC1-4DA8-A461-2A198DD9544A}.Debug|x86.ActiveCfg = Debug|Any CPU
		{012627BA-CAC1-4DA8-A461-2A198DD9544A}.Debug|x86.Build.0 = Debug|Any CPU
		{012627BA-CAC1-4DA8-A461-2A198DD9544A}.Release|Any CPU.ActiveCfg = Release|Any CPU
		{012627BA-CAC1-4DA8-A461-2A198DD9544A}.Release|Any CPU.Build.0 = Release|Any CPU
		{012627BA-CAC1-4DA8-A461-2A198DD9544A}.Release|x64.ActiveCfg = Release|Any CPU
		{012627BA-CAC1-4DA8-A461-2A198DD9544A}.Release|x64.Build.0 = Release|Any CPU
		{012627BA-CAC1-4DA8-A461-2A198DD9544A}.Release|x86.ActiveCfg = Release|Any CPU
		{012627BA-CAC1-4DA8-A461-2A198DD9544A}.Release|x86.Build.0 = Release|Any CPU
		{CF68D68F-56C2-43A9-A0BE-10D5CF65302F}.Debug|Any CPU.ActiveCfg = Debug|Any CPU
		{CF68D68F-56C2-43A9-A0BE-10D5CF65302F}.Debug|Any CPU.Build.0 = Debug|Any CPU
		{CF68D68F-56C2-43A9-A0BE-10D5CF65302F}.Debug|x64.ActiveCfg = Debug|Any CPU
		{CF68D68F-56C2-43A9-A0BE-10D5CF65302F}.Debug|x64.Build.0 = Debug|Any CPU
		{CF68D68F-56C2-43A9-A0BE-10D5CF65302F}.Debug|x86.ActiveCfg = Debug|Any CPU
		{CF68D68F-56C2-43A9-A0BE-10D5CF65302F}.Debug|x86.Build.0 = Debug|Any CPU
		{CF68D68F-56C2-43A9-A0BE-10D5CF65302F}.Release|Any CPU.ActiveCfg = Release|Any CPU
		{CF68D68F-56C2-43A9-A0BE-10D5CF65302F}.Release|Any CPU.Build.0 = Release|Any CPU
		{CF68D68F-56C2-43A9-A0BE-10D5CF65302F}.Release|x64.ActiveCfg = Release|Any CPU
		{CF68D68F-56C2-43A9-A0BE-10D5CF65302F}.Release|x64.Build.0 = Release|Any CPU
		{CF68D68F-56C2-43A9-A0BE-10D5CF65302F}.Release|x86.ActiveCfg = Release|Any CPU
		{CF68D68F-56C2-43A9-A0BE-10D5CF65302F}.Release|x86.Build.0 = Release|Any CPU
		{7B643402-F3CA-44DC-9E3F-FB12023EC7EE}.Debug|Any CPU.ActiveCfg = Debug|Any CPU
		{7B643402-F3CA-44DC-9E3F-FB12023EC7EE}.Debug|Any CPU.Build.0 = Debug|Any CPU
		{7B643402-F3CA-44DC-9E3F-FB12023EC7EE}.Debug|x64.ActiveCfg = Debug|Any CPU
		{7B643402-F3CA-44DC-9E3F-FB12023EC7EE}.Debug|x64.Build.0 = Debug|Any CPU
		{7B643402-F3CA-44DC-9E3F-FB12023EC7EE}.Debug|x86.ActiveCfg = Debug|Any CPU
		{7B643402-F3CA-44DC-9E3F-FB12023EC7EE}.Debug|x86.Build.0 = Debug|Any CPU
		{7B643402-F3CA-44DC-9E3F-FB12023EC7EE}.Release|Any CPU.ActiveCfg = Release|Any CPU
		{7B643402-F3CA-44DC-9E3F-FB12023EC7EE}.Release|Any CPU.Build.0 = Release|Any CPU
		{7B643402-F3CA-44DC-9E3F-FB12023EC7EE}.Release|x64.ActiveCfg = Release|Any CPU
		{7B643402-F3CA-44DC-9E3F-FB12023EC7EE}.Release|x64.Build.0 = Release|Any CPU
		{7B643402-F3CA-44DC-9E3F-FB12023EC7EE}.Release|x86.ActiveCfg = Release|Any CPU
		{7B643402-F3CA-44DC-9E3F-FB12023EC7EE}.Release|x86.Build.0 = Release|Any CPU
		{44768F3C-AB51-4529-9105-6362C5E3AF19}.Debug|Any CPU.ActiveCfg = Debug|Any CPU
		{44768F3C-AB51-4529-9105-6362C5E3AF19}.Debug|Any CPU.Build.0 = Debug|Any CPU
		{44768F3C-AB51-4529-9105-6362C5E3AF19}.Debug|x64.ActiveCfg = Debug|Any CPU
		{44768F3C-AB51-4529-9105-6362C5E3AF19}.Debug|x64.Build.0 = Debug|Any CPU
		{44768F3C-AB51-4529-9105-6362C5E3AF19}.Debug|x86.ActiveCfg = Debug|Any CPU
		{44768F3C-AB51-4529-9105-6362C5E3AF19}.Debug|x86.Build.0 = Debug|Any CPU
		{44768F3C-AB51-4529-9105-6362C5E3AF19}.Release|Any CPU.ActiveCfg = Release|Any CPU
		{44768F3C-AB51-4529-9105-6362C5E3AF19}.Release|Any CPU.Build.0 = Release|Any CPU
		{44768F3C-AB51-4529-9105-6362C5E3AF19}.Release|x64.ActiveCfg = Release|Any CPU
		{44768F3C-AB51-4529-9105-6362C5E3AF19}.Release|x64.Build.0 = Release|Any CPU
		{44768F3C-AB51-4529-9105-6362C5E3AF19}.Release|x86.ActiveCfg = Release|Any CPU
		{44768F3C-AB51-4529-9105-6362C5E3AF19}.Release|x86.Build.0 = Release|Any CPU
		{AD147055-CC6E-47AE-89EA-90FFBD355A61}.Debug|Any CPU.ActiveCfg = Debug|Any CPU
		{AD147055-CC6E-47AE-89EA-90FFBD355A61}.Debug|Any CPU.Build.0 = Debug|Any CPU
		{AD147055-CC6E-47AE-89EA-90FFBD355A61}.Debug|x64.ActiveCfg = Debug|Any CPU
		{AD147055-CC6E-47AE-89EA-90FFBD355A61}.Debug|x64.Build.0 = Debug|Any CPU
		{AD147055-CC6E-47AE-89EA-90FFBD355A61}.Debug|x86.ActiveCfg = Debug|Any CPU
		{AD147055-CC6E-47AE-89EA-90FFBD355A61}.Debug|x86.Build.0 = Debug|Any CPU
		{AD147055-CC6E-47AE-89EA-90FFBD355A61}.Release|Any CPU.ActiveCfg = Release|Any CPU
		{AD147055-CC6E-47AE-89EA-90FFBD355A61}.Release|Any CPU.Build.0 = Release|Any CPU
		{AD147055-CC6E-47AE-89EA-90FFBD355A61}.Release|x64.ActiveCfg = Release|Any CPU
		{AD147055-CC6E-47AE-89EA-90FFBD355A61}.Release|x64.Build.0 = Release|Any CPU
		{AD147055-CC6E-47AE-89EA-90FFBD355A61}.Release|x86.ActiveCfg = Release|Any CPU
		{AD147055-CC6E-47AE-89EA-90FFBD355A61}.Release|x86.Build.0 = Release|Any CPU
		{B1D61A5E-9FF9-49FB-8891-A97AF2E41874}.Debug|Any CPU.ActiveCfg = Debug|Any CPU
		{B1D61A5E-9FF9-49FB-8891-A97AF2E41874}.Debug|Any CPU.Build.0 = Debug|Any CPU
		{B1D61A5E-9FF9-49FB-8891-A97AF2E41874}.Debug|x64.ActiveCfg = Debug|Any CPU
		{B1D61A5E-9FF9-49FB-8891-A97AF2E41874}.Debug|x64.Build.0 = Debug|Any CPU
		{B1D61A5E-9FF9-49FB-8891-A97AF2E41874}.Debug|x86.ActiveCfg = Debug|Any CPU
		{B1D61A5E-9FF9-49FB-8891-A97AF2E41874}.Debug|x86.Build.0 = Debug|Any CPU
		{B1D61A5E-9FF9-49FB-8891-A97AF2E41874}.Release|Any CPU.ActiveCfg = Release|Any CPU
		{B1D61A5E-9FF9-49FB-8891-A97AF2E41874}.Release|Any CPU.Build.0 = Release|Any CPU
		{B1D61A5E-9FF9-49FB-8891-A97AF2E41874}.Release|x64.ActiveCfg = Release|Any CPU
		{B1D61A5E-9FF9-49FB-8891-A97AF2E41874}.Release|x64.Build.0 = Release|Any CPU
		{B1D61A5E-9FF9-49FB-8891-A97AF2E41874}.Release|x86.ActiveCfg = Release|Any CPU
		{B1D61A5E-9FF9-49FB-8891-A97AF2E41874}.Release|x86.Build.0 = Release|Any CPU
		{C94BA0B4-EC4C-4916-AFA3-313E6ABD56FA}.Debug|Any CPU.ActiveCfg = Debug|Any CPU
		{C94BA0B4-EC4C-4916-AFA3-313E6ABD56FA}.Debug|Any CPU.Build.0 = Debug|Any CPU
		{C94BA0B4-EC4C-4916-AFA3-313E6ABD56FA}.Debug|x64.ActiveCfg = Debug|Any CPU
		{C94BA0B4-EC4C-4916-AFA3-313E6ABD56FA}.Debug|x64.Build.0 = Debug|Any CPU
		{C94BA0B4-EC4C-4916-AFA3-313E6ABD56FA}.Debug|x86.ActiveCfg = Debug|Any CPU
		{C94BA0B4-EC4C-4916-AFA3-313E6ABD56FA}.Debug|x86.Build.0 = Debug|Any CPU
		{C94BA0B4-EC4C-4916-AFA3-313E6ABD56FA}.Release|Any CPU.ActiveCfg = Release|Any CPU
		{C94BA0B4-EC4C-4916-AFA3-313E6ABD56FA}.Release|Any CPU.Build.0 = Release|Any CPU
		{C94BA0B4-EC4C-4916-AFA3-313E6ABD56FA}.Release|x64.ActiveCfg = Release|Any CPU
		{C94BA0B4-EC4C-4916-AFA3-313E6ABD56FA}.Release|x64.Build.0 = Release|Any CPU
		{C94BA0B4-EC4C-4916-AFA3-313E6ABD56FA}.Release|x86.ActiveCfg = Release|Any CPU
		{C94BA0B4-EC4C-4916-AFA3-313E6ABD56FA}.Release|x86.Build.0 = Release|Any CPU
		{08354600-D649-4BA1-9517-F94192CD020F}.Debug|Any CPU.ActiveCfg = Debug|Any CPU
		{08354600-D649-4BA1-9517-F94192CD020F}.Debug|Any CPU.Build.0 = Debug|Any CPU
		{08354600-D649-4BA1-9517-F94192CD020F}.Debug|x64.ActiveCfg = Debug|Any CPU
		{08354600-D649-4BA1-9517-F94192CD020F}.Debug|x64.Build.0 = Debug|Any CPU
		{08354600-D649-4BA1-9517-F94192CD020F}.Debug|x86.ActiveCfg = Debug|Any CPU
		{08354600-D649-4BA1-9517-F94192CD020F}.Debug|x86.Build.0 = Debug|Any CPU
		{08354600-D649-4BA1-9517-F94192CD020F}.Release|Any CPU.ActiveCfg = Release|Any CPU
		{08354600-D649-4BA1-9517-F94192CD020F}.Release|Any CPU.Build.0 = Release|Any CPU
		{08354600-D649-4BA1-9517-F94192CD020F}.Release|x64.ActiveCfg = Release|Any CPU
		{08354600-D649-4BA1-9517-F94192CD020F}.Release|x64.Build.0 = Release|Any CPU
		{08354600-D649-4BA1-9517-F94192CD020F}.Release|x86.ActiveCfg = Release|Any CPU
		{08354600-D649-4BA1-9517-F94192CD020F}.Release|x86.Build.0 = Release|Any CPU
		{B4B7A5BE-377D-43FE-917A-294BFA6A6E1F}.Debug|Any CPU.ActiveCfg = Debug|Any CPU
		{B4B7A5BE-377D-43FE-917A-294BFA6A6E1F}.Debug|Any CPU.Build.0 = Debug|Any CPU
		{B4B7A5BE-377D-43FE-917A-294BFA6A6E1F}.Debug|x64.ActiveCfg = Debug|Any CPU
		{B4B7A5BE-377D-43FE-917A-294BFA6A6E1F}.Debug|x64.Build.0 = Debug|Any CPU
		{B4B7A5BE-377D-43FE-917A-294BFA6A6E1F}.Debug|x86.ActiveCfg = Debug|Any CPU
		{B4B7A5BE-377D-43FE-917A-294BFA6A6E1F}.Debug|x86.Build.0 = Debug|Any CPU
		{B4B7A5BE-377D-43FE-917A-294BFA6A6E1F}.Release|Any CPU.ActiveCfg = Release|Any CPU
		{B4B7A5BE-377D-43FE-917A-294BFA6A6E1F}.Release|Any CPU.Build.0 = Release|Any CPU
		{B4B7A5BE-377D-43FE-917A-294BFA6A6E1F}.Release|x64.ActiveCfg = Release|Any CPU
		{B4B7A5BE-377D-43FE-917A-294BFA6A6E1F}.Release|x64.Build.0 = Release|Any CPU
		{B4B7A5BE-377D-43FE-917A-294BFA6A6E1F}.Release|x86.ActiveCfg = Release|Any CPU
		{B4B7A5BE-377D-43FE-917A-294BFA6A6E1F}.Release|x86.Build.0 = Release|Any CPU
		{F545A4F9-C964-4011-A1E6-8EF7DD00BEEA}.Debug|Any CPU.ActiveCfg = Debug|Any CPU
		{F545A4F9-C964-4011-A1E6-8EF7DD00BEEA}.Debug|Any CPU.Build.0 = Debug|Any CPU
		{F545A4F9-C964-4011-A1E6-8EF7DD00BEEA}.Debug|x64.ActiveCfg = Debug|Any CPU
		{F545A4F9-C964-4011-A1E6-8EF7DD00BEEA}.Debug|x64.Build.0 = Debug|Any CPU
		{F545A4F9-C964-4011-A1E6-8EF7DD00BEEA}.Debug|x86.ActiveCfg = Debug|Any CPU
		{F545A4F9-C964-4011-A1E6-8EF7DD00BEEA}.Debug|x86.Build.0 = Debug|Any CPU
		{F545A4F9-C964-4011-A1E6-8EF7DD00BEEA}.Release|Any CPU.ActiveCfg = Release|Any CPU
		{F545A4F9-C964-4011-A1E6-8EF7DD00BEEA}.Release|Any CPU.Build.0 = Release|Any CPU
		{F545A4F9-C964-4011-A1E6-8EF7DD00BEEA}.Release|x64.ActiveCfg = Release|Any CPU
		{F545A4F9-C964-4011-A1E6-8EF7DD00BEEA}.Release|x64.Build.0 = Release|Any CPU
		{F545A4F9-C964-4011-A1E6-8EF7DD00BEEA}.Release|x86.ActiveCfg = Release|Any CPU
		{F545A4F9-C964-4011-A1E6-8EF7DD00BEEA}.Release|x86.Build.0 = Release|Any CPU
		{CAB9BE09-D890-4A42-AFF0-BE9B61F322FC}.Debug|Any CPU.ActiveCfg = Debug|Any CPU
		{CAB9BE09-D890-4A42-AFF0-BE9B61F322FC}.Debug|Any CPU.Build.0 = Debug|Any CPU
		{CAB9BE09-D890-4A42-AFF0-BE9B61F322FC}.Debug|x64.ActiveCfg = Debug|Any CPU
		{CAB9BE09-D890-4A42-AFF0-BE9B61F322FC}.Debug|x64.Build.0 = Debug|Any CPU
		{CAB9BE09-D890-4A42-AFF0-BE9B61F322FC}.Debug|x86.ActiveCfg = Debug|Any CPU
		{CAB9BE09-D890-4A42-AFF0-BE9B61F322FC}.Debug|x86.Build.0 = Debug|Any CPU
		{CAB9BE09-D890-4A42-AFF0-BE9B61F322FC}.Release|Any CPU.ActiveCfg = Release|Any CPU
		{CAB9BE09-D890-4A42-AFF0-BE9B61F322FC}.Release|Any CPU.Build.0 = Release|Any CPU
		{CAB9BE09-D890-4A42-AFF0-BE9B61F322FC}.Release|x64.ActiveCfg = Release|Any CPU
		{CAB9BE09-D890-4A42-AFF0-BE9B61F322FC}.Release|x64.Build.0 = Release|Any CPU
		{CAB9BE09-D890-4A42-AFF0-BE9B61F322FC}.Release|x86.ActiveCfg = Release|Any CPU
		{CAB9BE09-D890-4A42-AFF0-BE9B61F322FC}.Release|x86.Build.0 = Release|Any CPU
		{DD2D7528-EAF3-4418-BDC5-69835D069AF7}.Debug|Any CPU.ActiveCfg = Debug|Any CPU
		{DD2D7528-EAF3-4418-BDC5-69835D069AF7}.Debug|Any CPU.Build.0 = Debug|Any CPU
		{DD2D7528-EAF3-4418-BDC5-69835D069AF7}.Debug|x64.ActiveCfg = Debug|Any CPU
		{DD2D7528-EAF3-4418-BDC5-69835D069AF7}.Debug|x64.Build.0 = Debug|Any CPU
		{DD2D7528-EAF3-4418-BDC5-69835D069AF7}.Debug|x86.ActiveCfg = Debug|Any CPU
		{DD2D7528-EAF3-4418-BDC5-69835D069AF7}.Debug|x86.Build.0 = Debug|Any CPU
		{DD2D7528-EAF3-4418-BDC5-69835D069AF7}.Release|Any CPU.ActiveCfg = Release|Any CPU
		{DD2D7528-EAF3-4418-BDC5-69835D069AF7}.Release|Any CPU.Build.0 = Release|Any CPU
		{DD2D7528-EAF3-4418-BDC5-69835D069AF7}.Release|x64.ActiveCfg = Release|Any CPU
		{DD2D7528-EAF3-4418-BDC5-69835D069AF7}.Release|x64.Build.0 = Release|Any CPU
		{DD2D7528-EAF3-4418-BDC5-69835D069AF7}.Release|x86.ActiveCfg = Release|Any CPU
		{DD2D7528-EAF3-4418-BDC5-69835D069AF7}.Release|x86.Build.0 = Release|Any CPU
		{6EB9950A-B9E2-4FF5-AB69-DA21D5E0C73E}.Debug|Any CPU.ActiveCfg = Debug|x64
		{6EB9950A-B9E2-4FF5-AB69-DA21D5E0C73E}.Debug|Any CPU.Build.0 = Debug|x64
		{6EB9950A-B9E2-4FF5-AB69-DA21D5E0C73E}.Debug|x64.ActiveCfg = Debug|x64
		{6EB9950A-B9E2-4FF5-AB69-DA21D5E0C73E}.Debug|x64.Build.0 = Debug|x64
		{6EB9950A-B9E2-4FF5-AB69-DA21D5E0C73E}.Debug|x86.ActiveCfg = Debug|Win32
		{6EB9950A-B9E2-4FF5-AB69-DA21D5E0C73E}.Debug|x86.Build.0 = Debug|Win32
		{6EB9950A-B9E2-4FF5-AB69-DA21D5E0C73E}.Release|Any CPU.ActiveCfg = Release|Win32
		{6EB9950A-B9E2-4FF5-AB69-DA21D5E0C73E}.Release|x64.ActiveCfg = Release|x64
		{6EB9950A-B9E2-4FF5-AB69-DA21D5E0C73E}.Release|x64.Build.0 = Release|x64
		{6EB9950A-B9E2-4FF5-AB69-DA21D5E0C73E}.Release|x86.ActiveCfg = Release|Win32
		{6EB9950A-B9E2-4FF5-AB69-DA21D5E0C73E}.Release|x86.Build.0 = Release|Win32
		{3DFE802D-0B30-47CF-B700-05A8CAA86D6B}.Debug|Any CPU.ActiveCfg = Debug|Any CPU
		{3DFE802D-0B30-47CF-B700-05A8CAA86D6B}.Debug|Any CPU.Build.0 = Debug|Any CPU
		{3DFE802D-0B30-47CF-B700-05A8CAA86D6B}.Debug|x64.ActiveCfg = Debug|Any CPU
		{3DFE802D-0B30-47CF-B700-05A8CAA86D6B}.Debug|x64.Build.0 = Debug|Any CPU
		{3DFE802D-0B30-47CF-B700-05A8CAA86D6B}.Debug|x86.ActiveCfg = Debug|Any CPU
		{3DFE802D-0B30-47CF-B700-05A8CAA86D6B}.Debug|x86.Build.0 = Debug|Any CPU
		{3DFE802D-0B30-47CF-B700-05A8CAA86D6B}.Release|Any CPU.ActiveCfg = Release|Any CPU
		{3DFE802D-0B30-47CF-B700-05A8CAA86D6B}.Release|Any CPU.Build.0 = Release|Any CPU
		{3DFE802D-0B30-47CF-B700-05A8CAA86D6B}.Release|x64.ActiveCfg = Release|Any CPU
		{3DFE802D-0B30-47CF-B700-05A8CAA86D6B}.Release|x64.Build.0 = Release|Any CPU
		{3DFE802D-0B30-47CF-B700-05A8CAA86D6B}.Release|x86.ActiveCfg = Release|Any CPU
		{3DFE802D-0B30-47CF-B700-05A8CAA86D6B}.Release|x86.Build.0 = Release|Any CPU
		{3C7E75DA-39C2-4A53-89D2-DB886AD15A42}.Debug|Any CPU.ActiveCfg = Debug|Any CPU
		{3C7E75DA-39C2-4A53-89D2-DB886AD15A42}.Debug|Any CPU.Build.0 = Debug|Any CPU
		{3C7E75DA-39C2-4A53-89D2-DB886AD15A42}.Debug|x64.ActiveCfg = Debug|Any CPU
		{3C7E75DA-39C2-4A53-89D2-DB886AD15A42}.Debug|x64.Build.0 = Debug|Any CPU
		{3C7E75DA-39C2-4A53-89D2-DB886AD15A42}.Debug|x86.ActiveCfg = Debug|Any CPU
		{3C7E75DA-39C2-4A53-89D2-DB886AD15A42}.Debug|x86.Build.0 = Debug|Any CPU
		{3C7E75DA-39C2-4A53-89D2-DB886AD15A42}.Release|Any CPU.ActiveCfg = Release|Any CPU
		{3C7E75DA-39C2-4A53-89D2-DB886AD15A42}.Release|Any CPU.Build.0 = Release|Any CPU
		{3C7E75DA-39C2-4A53-89D2-DB886AD15A42}.Release|x64.ActiveCfg = Release|Any CPU
		{3C7E75DA-39C2-4A53-89D2-DB886AD15A42}.Release|x64.Build.0 = Release|Any CPU
		{3C7E75DA-39C2-4A53-89D2-DB886AD15A42}.Release|x86.ActiveCfg = Release|Any CPU
		{3C7E75DA-39C2-4A53-89D2-DB886AD15A42}.Release|x86.Build.0 = Release|Any CPU
		{68087CC6-CA77-4BD4-AB4F-06293D9A021D}.Debug|Any CPU.ActiveCfg = Debug|Any CPU
		{68087CC6-CA77-4BD4-AB4F-06293D9A021D}.Debug|Any CPU.Build.0 = Debug|Any CPU
		{68087CC6-CA77-4BD4-AB4F-06293D9A021D}.Debug|x64.ActiveCfg = Debug|Any CPU
		{68087CC6-CA77-4BD4-AB4F-06293D9A021D}.Debug|x64.Build.0 = Debug|Any CPU
		{68087CC6-CA77-4BD4-AB4F-06293D9A021D}.Debug|x86.ActiveCfg = Debug|Any CPU
		{68087CC6-CA77-4BD4-AB4F-06293D9A021D}.Debug|x86.Build.0 = Debug|Any CPU
		{68087CC6-CA77-4BD4-AB4F-06293D9A021D}.Release|Any CPU.ActiveCfg = Release|Any CPU
		{68087CC6-CA77-4BD4-AB4F-06293D9A021D}.Release|Any CPU.Build.0 = Release|Any CPU
		{68087CC6-CA77-4BD4-AB4F-06293D9A021D}.Release|x64.ActiveCfg = Release|Any CPU
		{68087CC6-CA77-4BD4-AB4F-06293D9A021D}.Release|x64.Build.0 = Release|Any CPU
		{68087CC6-CA77-4BD4-AB4F-06293D9A021D}.Release|x86.ActiveCfg = Release|Any CPU
		{68087CC6-CA77-4BD4-AB4F-06293D9A021D}.Release|x86.Build.0 = Release|Any CPU
		{98C4E71F-1C97-4039-B374-F06F9A2EF37F}.Debug|Any CPU.ActiveCfg = Debug|Any CPU
		{98C4E71F-1C97-4039-B374-F06F9A2EF37F}.Debug|Any CPU.Build.0 = Debug|Any CPU
		{98C4E71F-1C97-4039-B374-F06F9A2EF37F}.Debug|x64.ActiveCfg = Debug|Any CPU
		{98C4E71F-1C97-4039-B374-F06F9A2EF37F}.Debug|x64.Build.0 = Debug|Any CPU
		{98C4E71F-1C97-4039-B374-F06F9A2EF37F}.Debug|x86.ActiveCfg = Debug|Any CPU
		{98C4E71F-1C97-4039-B374-F06F9A2EF37F}.Debug|x86.Build.0 = Debug|Any CPU
		{98C4E71F-1C97-4039-B374-F06F9A2EF37F}.Release|Any CPU.ActiveCfg = Release|Any CPU
		{98C4E71F-1C97-4039-B374-F06F9A2EF37F}.Release|Any CPU.Build.0 = Release|Any CPU
		{98C4E71F-1C97-4039-B374-F06F9A2EF37F}.Release|x64.ActiveCfg = Release|Any CPU
		{98C4E71F-1C97-4039-B374-F06F9A2EF37F}.Release|x64.Build.0 = Release|Any CPU
		{98C4E71F-1C97-4039-B374-F06F9A2EF37F}.Release|x86.ActiveCfg = Release|Any CPU
		{98C4E71F-1C97-4039-B374-F06F9A2EF37F}.Release|x86.Build.0 = Release|Any CPU
		{47D2210F-23DA-41A5-9A9C-78E81F4D45D9}.Debug|Any CPU.ActiveCfg = Debug|Any CPU
		{47D2210F-23DA-41A5-9A9C-78E81F4D45D9}.Debug|Any CPU.Build.0 = Debug|Any CPU
		{47D2210F-23DA-41A5-9A9C-78E81F4D45D9}.Debug|x64.ActiveCfg = Debug|Any CPU
		{47D2210F-23DA-41A5-9A9C-78E81F4D45D9}.Debug|x64.Build.0 = Debug|Any CPU
		{47D2210F-23DA-41A5-9A9C-78E81F4D45D9}.Debug|x86.ActiveCfg = Debug|Any CPU
		{47D2210F-23DA-41A5-9A9C-78E81F4D45D9}.Debug|x86.Build.0 = Debug|Any CPU
		{47D2210F-23DA-41A5-9A9C-78E81F4D45D9}.Release|Any CPU.ActiveCfg = Release|Any CPU
		{47D2210F-23DA-41A5-9A9C-78E81F4D45D9}.Release|Any CPU.Build.0 = Release|Any CPU
		{47D2210F-23DA-41A5-9A9C-78E81F4D45D9}.Release|x64.ActiveCfg = Release|Any CPU
		{47D2210F-23DA-41A5-9A9C-78E81F4D45D9}.Release|x64.Build.0 = Release|Any CPU
		{47D2210F-23DA-41A5-9A9C-78E81F4D45D9}.Release|x86.ActiveCfg = Release|Any CPU
		{47D2210F-23DA-41A5-9A9C-78E81F4D45D9}.Release|x86.Build.0 = Release|Any CPU
		{6DB374BC-A499-4288-94DC-D774729481BF}.Debug|Any CPU.ActiveCfg = Debug|Any CPU
		{6DB374BC-A499-4288-94DC-D774729481BF}.Debug|Any CPU.Build.0 = Debug|Any CPU
		{6DB374BC-A499-4288-94DC-D774729481BF}.Debug|x64.ActiveCfg = Debug|Any CPU
		{6DB374BC-A499-4288-94DC-D774729481BF}.Debug|x64.Build.0 = Debug|Any CPU
		{6DB374BC-A499-4288-94DC-D774729481BF}.Debug|x86.ActiveCfg = Debug|Any CPU
		{6DB374BC-A499-4288-94DC-D774729481BF}.Debug|x86.Build.0 = Debug|Any CPU
		{6DB374BC-A499-4288-94DC-D774729481BF}.Release|Any CPU.ActiveCfg = Release|Any CPU
		{6DB374BC-A499-4288-94DC-D774729481BF}.Release|Any CPU.Build.0 = Release|Any CPU
		{6DB374BC-A499-4288-94DC-D774729481BF}.Release|x64.ActiveCfg = Release|Any CPU
		{6DB374BC-A499-4288-94DC-D774729481BF}.Release|x64.Build.0 = Release|Any CPU
		{6DB374BC-A499-4288-94DC-D774729481BF}.Release|x86.ActiveCfg = Release|Any CPU
		{6DB374BC-A499-4288-94DC-D774729481BF}.Release|x86.Build.0 = Release|Any CPU
		{A70151B3-EFDF-4CBF-AB1E-BFFA2BED2874}.Debug|Any CPU.ActiveCfg = Debug|Any CPU
		{A70151B3-EFDF-4CBF-AB1E-BFFA2BED2874}.Debug|Any CPU.Build.0 = Debug|Any CPU
		{A70151B3-EFDF-4CBF-AB1E-BFFA2BED2874}.Debug|x64.ActiveCfg = Debug|Any CPU
		{A70151B3-EFDF-4CBF-AB1E-BFFA2BED2874}.Debug|x64.Build.0 = Debug|Any CPU
		{A70151B3-EFDF-4CBF-AB1E-BFFA2BED2874}.Debug|x86.ActiveCfg = Debug|Any CPU
		{A70151B3-EFDF-4CBF-AB1E-BFFA2BED2874}.Debug|x86.Build.0 = Debug|Any CPU
		{A70151B3-EFDF-4CBF-AB1E-BFFA2BED2874}.Release|Any CPU.ActiveCfg = Release|Any CPU
		{A70151B3-EFDF-4CBF-AB1E-BFFA2BED2874}.Release|Any CPU.Build.0 = Release|Any CPU
		{A70151B3-EFDF-4CBF-AB1E-BFFA2BED2874}.Release|x64.ActiveCfg = Release|Any CPU
		{A70151B3-EFDF-4CBF-AB1E-BFFA2BED2874}.Release|x64.Build.0 = Release|Any CPU
		{A70151B3-EFDF-4CBF-AB1E-BFFA2BED2874}.Release|x86.ActiveCfg = Release|Any CPU
		{A70151B3-EFDF-4CBF-AB1E-BFFA2BED2874}.Release|x86.Build.0 = Release|Any CPU
		{8A95478E-C367-4CD3-8694-738400DE2CF4}.Debug|Any CPU.ActiveCfg = Debug|Any CPU
		{8A95478E-C367-4CD3-8694-738400DE2CF4}.Debug|Any CPU.Build.0 = Debug|Any CPU
		{8A95478E-C367-4CD3-8694-738400DE2CF4}.Debug|x64.ActiveCfg = Debug|Any CPU
		{8A95478E-C367-4CD3-8694-738400DE2CF4}.Debug|x64.Build.0 = Debug|Any CPU
		{8A95478E-C367-4CD3-8694-738400DE2CF4}.Debug|x86.ActiveCfg = Debug|Any CPU
		{8A95478E-C367-4CD3-8694-738400DE2CF4}.Debug|x86.Build.0 = Debug|Any CPU
		{8A95478E-C367-4CD3-8694-738400DE2CF4}.Release|Any CPU.ActiveCfg = Release|Any CPU
		{8A95478E-C367-4CD3-8694-738400DE2CF4}.Release|Any CPU.Build.0 = Release|Any CPU
		{8A95478E-C367-4CD3-8694-738400DE2CF4}.Release|x64.ActiveCfg = Release|Any CPU
		{8A95478E-C367-4CD3-8694-738400DE2CF4}.Release|x64.Build.0 = Release|Any CPU
		{8A95478E-C367-4CD3-8694-738400DE2CF4}.Release|x86.ActiveCfg = Release|Any CPU
		{8A95478E-C367-4CD3-8694-738400DE2CF4}.Release|x86.Build.0 = Release|Any CPU
		{08C04CD2-C6BD-417E-A262-E757A43E3BD6}.Debug|Any CPU.ActiveCfg = Debug|Any CPU
		{08C04CD2-C6BD-417E-A262-E757A43E3BD6}.Debug|Any CPU.Build.0 = Debug|Any CPU
		{08C04CD2-C6BD-417E-A262-E757A43E3BD6}.Debug|x64.ActiveCfg = Debug|Any CPU
		{08C04CD2-C6BD-417E-A262-E757A43E3BD6}.Debug|x64.Build.0 = Debug|Any CPU
		{08C04CD2-C6BD-417E-A262-E757A43E3BD6}.Debug|x86.ActiveCfg = Debug|Any CPU
		{08C04CD2-C6BD-417E-A262-E757A43E3BD6}.Debug|x86.Build.0 = Debug|Any CPU
		{08C04CD2-C6BD-417E-A262-E757A43E3BD6}.Release|Any CPU.ActiveCfg = Release|Any CPU
		{08C04CD2-C6BD-417E-A262-E757A43E3BD6}.Release|Any CPU.Build.0 = Release|Any CPU
		{08C04CD2-C6BD-417E-A262-E757A43E3BD6}.Release|x64.ActiveCfg = Release|Any CPU
		{08C04CD2-C6BD-417E-A262-E757A43E3BD6}.Release|x64.Build.0 = Release|Any CPU
		{08C04CD2-C6BD-417E-A262-E757A43E3BD6}.Release|x86.ActiveCfg = Release|Any CPU
		{08C04CD2-C6BD-417E-A262-E757A43E3BD6}.Release|x86.Build.0 = Release|Any CPU
		{E6C45C19-64A3-4541-B354-7D597D6804F0}.Debug|Any CPU.ActiveCfg = Debug|Any CPU
		{E6C45C19-64A3-4541-B354-7D597D6804F0}.Debug|Any CPU.Build.0 = Debug|Any CPU
		{E6C45C19-64A3-4541-B354-7D597D6804F0}.Debug|x64.ActiveCfg = Debug|Any CPU
		{E6C45C19-64A3-4541-B354-7D597D6804F0}.Debug|x64.Build.0 = Debug|Any CPU
		{E6C45C19-64A3-4541-B354-7D597D6804F0}.Debug|x86.ActiveCfg = Debug|Any CPU
		{E6C45C19-64A3-4541-B354-7D597D6804F0}.Debug|x86.Build.0 = Debug|Any CPU
		{E6C45C19-64A3-4541-B354-7D597D6804F0}.Release|Any CPU.ActiveCfg = Release|Any CPU
		{E6C45C19-64A3-4541-B354-7D597D6804F0}.Release|Any CPU.Build.0 = Release|Any CPU
		{E6C45C19-64A3-4541-B354-7D597D6804F0}.Release|x64.ActiveCfg = Release|Any CPU
		{E6C45C19-64A3-4541-B354-7D597D6804F0}.Release|x64.Build.0 = Release|Any CPU
		{E6C45C19-64A3-4541-B354-7D597D6804F0}.Release|x86.ActiveCfg = Release|Any CPU
		{E6C45C19-64A3-4541-B354-7D597D6804F0}.Release|x86.Build.0 = Release|Any CPU
		{4B6A406A-6269-4291-B537-3BDA5F3A8560}.Debug|Any CPU.ActiveCfg = Debug|Any CPU
		{4B6A406A-6269-4291-B537-3BDA5F3A8560}.Debug|Any CPU.Build.0 = Debug|Any CPU
		{4B6A406A-6269-4291-B537-3BDA5F3A8560}.Debug|x64.ActiveCfg = Debug|Any CPU
		{4B6A406A-6269-4291-B537-3BDA5F3A8560}.Debug|x64.Build.0 = Debug|Any CPU
		{4B6A406A-6269-4291-B537-3BDA5F3A8560}.Debug|x86.ActiveCfg = Debug|Any CPU
		{4B6A406A-6269-4291-B537-3BDA5F3A8560}.Debug|x86.Build.0 = Debug|Any CPU
		{4B6A406A-6269-4291-B537-3BDA5F3A8560}.Release|Any CPU.ActiveCfg = Release|Any CPU
		{4B6A406A-6269-4291-B537-3BDA5F3A8560}.Release|Any CPU.Build.0 = Release|Any CPU
		{4B6A406A-6269-4291-B537-3BDA5F3A8560}.Release|x64.ActiveCfg = Release|Any CPU
		{4B6A406A-6269-4291-B537-3BDA5F3A8560}.Release|x64.Build.0 = Release|Any CPU
		{4B6A406A-6269-4291-B537-3BDA5F3A8560}.Release|x86.ActiveCfg = Release|Any CPU
		{4B6A406A-6269-4291-B537-3BDA5F3A8560}.Release|x86.Build.0 = Release|Any CPU
		{C9A70257-C0EA-4B7C-82C2-66CBD9F5F72B}.Debug|Any CPU.ActiveCfg = Debug|Any CPU
		{C9A70257-C0EA-4B7C-82C2-66CBD9F5F72B}.Debug|Any CPU.Build.0 = Debug|Any CPU
		{C9A70257-C0EA-4B7C-82C2-66CBD9F5F72B}.Debug|x64.ActiveCfg = Debug|Any CPU
		{C9A70257-C0EA-4B7C-82C2-66CBD9F5F72B}.Debug|x64.Build.0 = Debug|Any CPU
		{C9A70257-C0EA-4B7C-82C2-66CBD9F5F72B}.Debug|x86.ActiveCfg = Debug|Any CPU
		{C9A70257-C0EA-4B7C-82C2-66CBD9F5F72B}.Debug|x86.Build.0 = Debug|Any CPU
		{C9A70257-C0EA-4B7C-82C2-66CBD9F5F72B}.Release|Any CPU.ActiveCfg = Release|Any CPU
		{C9A70257-C0EA-4B7C-82C2-66CBD9F5F72B}.Release|Any CPU.Build.0 = Release|Any CPU
		{C9A70257-C0EA-4B7C-82C2-66CBD9F5F72B}.Release|x64.ActiveCfg = Release|Any CPU
		{C9A70257-C0EA-4B7C-82C2-66CBD9F5F72B}.Release|x64.Build.0 = Release|Any CPU
		{C9A70257-C0EA-4B7C-82C2-66CBD9F5F72B}.Release|x86.ActiveCfg = Release|Any CPU
		{C9A70257-C0EA-4B7C-82C2-66CBD9F5F72B}.Release|x86.Build.0 = Release|Any CPU
		{7F19AA18-9C66-4A86-BFFB-43D27EEB4C1A}.Debug|Any CPU.ActiveCfg = Debug|Any CPU
		{7F19AA18-9C66-4A86-BFFB-43D27EEB4C1A}.Debug|Any CPU.Build.0 = Debug|Any CPU
		{7F19AA18-9C66-4A86-BFFB-43D27EEB4C1A}.Debug|x64.ActiveCfg = Debug|Any CPU
		{7F19AA18-9C66-4A86-BFFB-43D27EEB4C1A}.Debug|x64.Build.0 = Debug|Any CPU
		{7F19AA18-9C66-4A86-BFFB-43D27EEB4C1A}.Debug|x86.ActiveCfg = Debug|Any CPU
		{7F19AA18-9C66-4A86-BFFB-43D27EEB4C1A}.Debug|x86.Build.0 = Debug|Any CPU
		{7F19AA18-9C66-4A86-BFFB-43D27EEB4C1A}.Release|Any CPU.ActiveCfg = Release|Any CPU
		{7F19AA18-9C66-4A86-BFFB-43D27EEB4C1A}.Release|Any CPU.Build.0 = Release|Any CPU
		{7F19AA18-9C66-4A86-BFFB-43D27EEB4C1A}.Release|x64.ActiveCfg = Release|Any CPU
		{7F19AA18-9C66-4A86-BFFB-43D27EEB4C1A}.Release|x64.Build.0 = Release|Any CPU
		{7F19AA18-9C66-4A86-BFFB-43D27EEB4C1A}.Release|x86.ActiveCfg = Release|Any CPU
		{7F19AA18-9C66-4A86-BFFB-43D27EEB4C1A}.Release|x86.Build.0 = Release|Any CPU
		{C497072E-9F06-43D7-8DC6-CD6EB43EEDF1}.Debug|Any CPU.ActiveCfg = Debug|Any CPU
		{C497072E-9F06-43D7-8DC6-CD6EB43EEDF1}.Debug|Any CPU.Build.0 = Debug|Any CPU
		{C497072E-9F06-43D7-8DC6-CD6EB43EEDF1}.Debug|x64.ActiveCfg = Debug|Any CPU
		{C497072E-9F06-43D7-8DC6-CD6EB43EEDF1}.Debug|x64.Build.0 = Debug|Any CPU
		{C497072E-9F06-43D7-8DC6-CD6EB43EEDF1}.Debug|x86.ActiveCfg = Debug|Any CPU
		{C497072E-9F06-43D7-8DC6-CD6EB43EEDF1}.Debug|x86.Build.0 = Debug|Any CPU
		{C497072E-9F06-43D7-8DC6-CD6EB43EEDF1}.Release|Any CPU.ActiveCfg = Release|Any CPU
		{C497072E-9F06-43D7-8DC6-CD6EB43EEDF1}.Release|Any CPU.Build.0 = Release|Any CPU
		{C497072E-9F06-43D7-8DC6-CD6EB43EEDF1}.Release|x64.ActiveCfg = Release|Any CPU
		{C497072E-9F06-43D7-8DC6-CD6EB43EEDF1}.Release|x64.Build.0 = Release|Any CPU
		{C497072E-9F06-43D7-8DC6-CD6EB43EEDF1}.Release|x86.ActiveCfg = Release|Any CPU
		{C497072E-9F06-43D7-8DC6-CD6EB43EEDF1}.Release|x86.Build.0 = Release|Any CPU
	EndGlobalSection
	GlobalSection(SolutionProperties) = preSolution
		HideSolutionNode = FALSE
	EndGlobalSection
	GlobalSection(ExtensibilityGlobals) = postSolution
		SolutionGuid = {7F080DA2-61AB-487D-B0BA-AA3A3041C064}
	EndGlobalSection
EndGlobal
